
Microsoft Visual Studio Solution File, Format Version 12.00
# Visual Studio Version 17
VisualStudioVersion = 17.3.32811.315
MinimumVisualStudioVersion = 10.0.40219.1
Project("{FAE04EC0-301F-11D3-BF4B-00C04F79EFBC}") = "Lab6.8", "Lab6.8.csproj", "{D6F5A4E4-D923-4A37-ABFB-7E9AABBA4FA4}"
EndProject
Global
	GlobalSection(SolutionConfigurationPlatforms) = preSolution
		Debug|Any CPU = Debug|Any CPU
		Release|Any CPU = Release|Any CPU
	EndGlobalSection
	GlobalSection(ProjectConfigurationPlatforms) = postSolution
		{D6F5A4E4-D923-4A37-ABFB-7E9AABBA4FA4}.Debug|Any CPU.ActiveCfg = Debug|Any CPU
		{D6F5A4E4-D923-4A37-ABFB-7E9AABBA4FA4}.Debug|Any CPU.Build.0 = Debug|Any CPU
		{D6F5A4E4-D923-4A37-ABFB-7E9AABBA4FA4}.Release|Any CPU.ActiveCfg = Release|Any CPU
		{D6F5A4E4-D923-4A37-ABFB-7E9AABBA4FA4}.Release|Any CPU.Build.0 = Release|Any CPU
	EndGlobalSection
	GlobalSection(SolutionProperties) = preSolution
		HideSolutionNode = FALSE
	EndGlobalSection
	GlobalSection(ExtensibilityGlobals) = postSolution
		SolutionGuid = {2CF6F80F-2742-41FD-8C01-43BFFED54A7A}
	EndGlobalSection
EndGlobal
